
Microsoft Visual Studio Solution File, Format Version 12.00
# Visual Studio 15
VisualStudioVersion = 15.0.27004.2002
MinimumVisualStudioVersion = 10.0.40219.1
Project("{FAE04EC0-301F-11D3-BF4B-00C04F79EFBC}") = "Calculator", "Test\Calculator.csproj", "{8D6FD088-0320-4A6C-BAFC-409B95130E54}"
EndProject
Project("{FAE04EC0-301F-11D3-BF4B-00C04F79EFBC}") = "CalculatorTests", "CalculatorTests\CalculatorTests.csproj", "{A20096F1-BFF2-42C7-B889-BC402C7F4BD8}"
EndProject
Project("{2150E333-8FDC-42A3-9474-1A3956D46DE8}") = "Solution Items", "Solution Items", "{06DFD262-4E0F-4BAF-801B-8B26428A40F6}"
	ProjectSection(SolutionItems) = preProject
		README.md = README.md
	EndProjectSection
EndProject
Global
	GlobalSection(SolutionConfigurationPlatforms) = preSolution
		Debug|Any CPU = Debug|Any CPU
		Debug|x86 = Debug|x86
		Release|Any CPU = Release|Any CPU
		Release|x86 = Release|x86
	EndGlobalSection
	GlobalSection(ProjectConfigurationPlatforms) = postSolution
		{8D6FD088-0320-4A6C-BAFC-409B95130E54}.Debug|Any CPU.ActiveCfg = Debug|Any CPU
		{8D6FD088-0320-4A6C-BAFC-409B95130E54}.Debug|Any CPU.Build.0 = Debug|Any CPU
		{8D6FD088-0320-4A6C-BAFC-409B95130E54}.Debug|x86.ActiveCfg = Debug|x86
		{8D6FD088-0320-4A6C-BAFC-409B95130E54}.Debug|x86.Build.0 = Debug|x86
		{8D6FD088-0320-4A6C-BAFC-409B95130E54}.Release|Any CPU.ActiveCfg = Release|Any CPU
		{8D6FD088-0320-4A6C-BAFC-409B95130E54}.Release|Any CPU.Build.0 = Release|Any CPU
		{8D6FD088-0320-4A6C-BAFC-409B95130E54}.Release|x86.ActiveCfg = Release|x86
		{8D6FD088-0320-4A6C-BAFC-409B95130E54}.Release|x86.Build.0 = Release|x86
		{A20096F1-BFF2-42C7-B889-BC402C7F4BD8}.Debug|Any CPU.ActiveCfg = Debug|Any CPU
		{A20096F1-BFF2-42C7-B889-BC402C7F4BD8}.Debug|Any CPU.Build.0 = Debug|Any CPU
		{A20096F1-BFF2-42C7-B889-BC402C7F4BD8}.Debug|x86.ActiveCfg = Debug|x86
		{A20096F1-BFF2-42C7-B889-BC402C7F4BD8}.Debug|x86.Build.0 = Debug|x86
		{A20096F1-BFF2-42C7-B889-BC402C7F4BD8}.Release|Any CPU.ActiveCfg = Release|Any CPU
		{A20096F1-BFF2-42C7-B889-BC402C7F4BD8}.Release|Any CPU.Build.0 = Release|Any CPU
		{A20096F1-BFF2-42C7-B889-BC402C7F4BD8}.Release|x86.ActiveCfg = Release|x86
		{A20096F1-BFF2-42C7-B889-BC402C7F4BD8}.Release|x86.Build.0 = Release|x86
	EndGlobalSection
	GlobalSection(SolutionProperties) = preSolution
		HideSolutionNode = FALSE
	EndGlobalSection
	GlobalSection(ExtensibilityGlobals) = postSolution
		SolutionGuid = {E89638EB-A180-4E55-9E06-0E698398E822}
	EndGlobalSection
EndGlobal
